
Microsoft Visual Studio Solution File, Format Version 12.00
# Visual Studio Version 17
VisualStudioVersion = 17.12.35527.113
MinimumVisualStudioVersion = 10.0.40219.1
Project("{FAE04EC0-301F-11D3-BF4B-00C04F79EFBC}") = "SSO.Web", "SSO.Web\SSO.Web.csproj", "{DD615B13-F0C5-4725-AEAF-DD41CB474343}"
EndProject
Project("{FAE04EC0-301F-11D3-BF4B-00C04F79EFBC}") = "SSO.Application", "SSO.Application\SSO.Application.csproj", "{EDFFC749-45EE-45E4-8BA9-440ADCCE15A2}"
EndProject
Project("{FAE04EC0-301F-11D3-BF4B-00C04F79EFBC}") = "SSO.Domain", "SSO.Domain\SSO.Domain.csproj", "{D97DC734-2BEA-4B00-9405-A9C2C463696A}"
EndProject
Project("{FAE04EC0-301F-11D3-BF4B-00C04F79EFBC}") = "SSO.Infrastructure", "SSO.Infrastructure\SSO.Infrastructure.csproj", "{B7330F31-A12F-4EC6-B829-7FE8CA658826}"
EndProject
Project("{FAE04EC0-301F-11D3-BF4B-00C04F79EFBC}") = "SSO.WebAPI", "SSO.WebAPI\SSO.WebAPI.csproj", "{5D06F61D-3A40-4B55-834E-42EA8ABEF9A7}"
EndProject
Global
	GlobalSection(SolutionConfigurationPlatforms) = preSolution
		Debug|Any CPU = Debug|Any CPU
		Release|Any CPU = Release|Any CPU
	EndGlobalSection
	GlobalSection(ProjectConfigurationPlatforms) = postSolution
		{DD615B13-F0C5-4725-AEAF-DD41CB474343}.Debug|Any CPU.ActiveCfg = Debug|Any CPU
		{DD615B13-F0C5-4725-AEAF-DD41CB474343}.Debug|Any CPU.Build.0 = Debug|Any CPU
		{DD615B13-F0C5-4725-AEAF-DD41CB474343}.Release|Any CPU.ActiveCfg = Release|Any CPU
		{DD615B13-F0C5-4725-AEAF-DD41CB474343}.Release|Any CPU.Build.0 = Release|Any CPU
		{EDFFC749-45EE-45E4-8BA9-440ADCCE15A2}.Debug|Any CPU.ActiveCfg = Debug|Any CPU
		{EDFFC749-45EE-45E4-8BA9-440ADCCE15A2}.Debug|Any CPU.Build.0 = Debug|Any CPU
		{EDFFC749-45EE-45E4-8BA9-440ADCCE15A2}.Release|Any CPU.ActiveCfg = Release|Any CPU
		{EDFFC749-45EE-45E4-8BA9-440ADCCE15A2}.Release|Any CPU.Build.0 = Release|Any CPU
		{D97DC734-2BEA-4B00-9405-A9C2C463696A}.Debug|Any CPU.ActiveCfg = Debug|Any CPU
		{D97DC734-2BEA-4B00-9405-A9C2C463696A}.Debug|Any CPU.Build.0 = Debug|Any CPU
		{D97DC734-2BEA-4B00-9405-A9C2C463696A}.Release|Any CPU.ActiveCfg = Release|Any CPU
		{D97DC734-2BEA-4B00-9405-A9C2C463696A}.Release|Any CPU.Build.0 = Release|Any CPU
		{B7330F31-A12F-4EC6-B829-7FE8CA658826}.Debug|Any CPU.ActiveCfg = Debug|Any CPU
		{B7330F31-A12F-4EC6-B829-7FE8CA658826}.Debug|Any CPU.Build.0 = Debug|Any CPU
		{B7330F31-A12F-4EC6-B829-7FE8CA658826}.Release|Any CPU.ActiveCfg = Release|Any CPU
		{B7330F31-A12F-4EC6-B829-7FE8CA658826}.Release|Any CPU.Build.0 = Release|Any CPU
		{5D06F61D-3A40-4B55-834E-42EA8ABEF9A7}.Debug|Any CPU.ActiveCfg = Debug|Any CPU
		{5D06F61D-3A40-4B55-834E-42EA8ABEF9A7}.Debug|Any CPU.Build.0 = Debug|Any CPU
		{5D06F61D-3A40-4B55-834E-42EA8ABEF9A7}.Release|Any CPU.ActiveCfg = Release|Any CPU
		{5D06F61D-3A40-4B55-834E-42EA8ABEF9A7}.Release|Any CPU.Build.0 = Release|Any CPU
	EndGlobalSection
	GlobalSection(SolutionProperties) = preSolution
		HideSolutionNode = FALSE
	EndGlobalSection
EndGlobal
